{
  "name": "register",
  "version": "1.0.0",
  "lockfileVersion": 1,
  "requires": true,
  "dependencies": {
    "nodemailer": {
      "version": "6.4.16",
      "resolved": "https://registry.npm.taobao.org/nodemailer/download/nodemailer-6.4.16.tgz",
      "integrity": "sha1-XLY5Gx15q37/Mtb59INmtacRcpM="
    }
  }
}
